
Microsoft Visual Studio Solution File, Format Version 12.00
# Visual Studio Version 17
VisualStudioVersion = 17.3.32901.215
MinimumVisualStudioVersion = 10.0.40219.1
Project("{8BC9CEB8-8B4A-11D0-8D11-00A0C91BC942}") = "laboratory_work_number_11_two_list", "laboratory_work_number_11_two_list.vcxproj", "{AAD82933-3458-4233-B97F-6DD59413316F}"
EndProject
Global
	GlobalSection(SolutionConfigurationPlatforms) = preSolution
		Debug|x64 = Debug|x64
		Debug|x86 = Debug|x86
		Release|x64 = Release|x64
		Release|x86 = Release|x86
	EndGlobalSection
	GlobalSection(ProjectConfigurationPlatforms) = postSolution
		{AAD82933-3458-4233-B97F-6DD59413316F}.Debug|x64.ActiveCfg = Debug|x64
		{AAD82933-3458-4233-B97F-6DD59413316F}.Debug|x64.Build.0 = Debug|x64
		{AAD82933-3458-4233-B97F-6DD59413316F}.Debug|x86.ActiveCfg = Debug|Win32
		{AAD82933-3458-4233-B97F-6DD59413316F}.Debug|x86.Build.0 = Debug|Win32
		{AAD82933-3458-4233-B97F-6DD59413316F}.Release|x64.ActiveCfg = Release|x64
		{AAD82933-3458-4233-B97F-6DD59413316F}.Release|x64.Build.0 = Release|x64
		{AAD82933-3458-4233-B97F-6DD59413316F}.Release|x86.ActiveCfg = Release|Win32
		{AAD82933-3458-4233-B97F-6DD59413316F}.Release|x86.Build.0 = Release|Win32
	EndGlobalSection
	GlobalSection(SolutionProperties) = preSolution
		HideSolutionNode = FALSE
	EndGlobalSection
	GlobalSection(ExtensibilityGlobals) = postSolution
		SolutionGuid = {DAA83680-D4BE-4B90-AE5B-F94523470F67}
	EndGlobalSection
EndGlobal
